// !$*UTF8*$!
{
	archiveVersion = 1;
	classes = {
	};
	objectVersion = 46;
	objects = {

/* Begin PBXBuildFile section */
		9354FB531AEBDE4000BC8E03 /* main.m in Sources */ = {isa = PBXBuildFile; fileRef = 9354FB521AEBDE4000BC8E03 /* main.m */; };
		9354FB561AEBDE4000BC8E03 /* AppDelegate.m in Sources */ = {isa = PBXBuildFile; fileRef = 9354FB551AEBDE4000BC8E03 /* AppDelegate.m */; };
		9354FB581AEBDE4100BC8E03 /* Images.xcassets in Resources */ = {isa = PBXBuildFile; fileRef = 9354FB571AEBDE4100BC8E03 /* Images.xcassets */; };
		9354FB5B1AEBDE4100BC8E03 /* LaunchScreen.xib in Resources */ = {isa = PBXBuildFile; fileRef = 9354FB591AEBDE4100BC8E03 /* LaunchScreen.xib */; };
		9354FB671AEBDE4100BC8E03 /* TestOneTests.m in Sources */ = {isa = PBXBuildFile; fileRef = 9354FB661AEBDE4100BC8E03 /* TestOneTests.m */; };
		9354FB721AEBDE6300BC8E03 /* RootViewController.m in Sources */ = {isa = PBXBuildFile; fileRef = 9354FB711AEBDE6300BC8E03 /* RootViewController.m */; };
		9354FB751AEBDE8C00BC8E03 /* DrawView.m in Sources */ = {isa = PBXBuildFile; fileRef = 9354FB741AEBDE8C00BC8E03 /* DrawView.m */; };
/* End PBXBuildFile section */

/* Begin PBXContainerItemProxy section */
		9354FB611AEBDE4100BC8E03 /* PBXContainerItemProxy */ = {
			isa = PBXContainerItemProxy;
			containerPortal = 9354FB451AEBDE4000BC8E03 /* Project object */;
			proxyType = 1;
			remoteGlobalIDString = 9354FB4C1AEBDE4000BC8E03;
			remoteInfo = TestOne;
		};
/* End PBXContainerItemProxy section */

/* Begin PBXFileReference section */
		9354FB4D1AEBDE4000BC8E03 /* TestOne.app */ = {isa = PBXFileReference; explicitFileType = wrapper.application; includeInIndex = 0; path = TestOne.app; sourceTree = BUILT_PRODUCTS_DIR; };
		9354FB511AEBDE4000BC8E03 /* Info.plist */ = {isa = PBXFileReference; lastKnownFileType = text.plist.xml; path = Info.plist; sourceTree = "<group>"; };
		9354FB521AEBDE4000BC8E03 /* main.m */ = {isa = PBXFileReference; lastKnownFileType = sourcecode.c.objc; path = main.m; sourceTree = "<group>"; };
		9354FB541AEBDE4000BC8E03 /* AppDelegate.h */ = {isa = PBXFileReference; lastKnownFileType = sourcecode.c.h; path = AppDelegate.h; sourceTree = "<group>"; };
		9354FB551AEBDE4000BC8E03 /* AppDelegate.m */ = {isa = PBXFileReference; lastKnownFileType = sourcecode.c.objc; path = AppDelegate.m; sourceTree = "<group>"; };
		9354FB571AEBDE4100BC8E03 /* Images.xcassets */ = {isa = PBXFileReference; lastKnownFileType = folder.assetcatalog; path = Images.xcassets; sourceTree = "<group>"; };
		9354FB5A1AEBDE4100BC8E03 /* Base */ = {isa = PBXFileReference; lastKnownFileType = file.xib; name = Base; path = Base.lproj/LaunchScreen.xib; sourceTree = "<group>"; };
		9354FB601AEBDE4100BC8E03 /* TestOneTests.xctest */ = {isa = PBXFileReference; explicitFileType = wrapper.cfbundle; includeInIndex = 0; path = TestOneTests.xctest; sourceTree = BUILT_PRODUCTS_DIR; };
		9354FB651AEBDE4100BC8E03 /* Info.plist */ = {isa = PBXFileReference; lastKnownFileType = text.plist.xml; path = Info.plist; sourceTree = "<group>"; };
		9354FB661AEBDE4100BC8E03 /* TestOneTests.m */ = {isa = PBXFileReference; lastKnownFileType = sourcecode.c.objc; path = TestOneTests.m; sourceTree = "<group>"; };
		9354FB701AEBDE6300BC8E03 /* RootViewController.h */ = {isa = PBXFileReference; fileEncoding = 4; lastKnownFileType = sourcecode.c.h; path = RootViewController.h; sourceTree = "<group>"; };
		9354FB711AEBDE6300BC8E03 /* RootViewController.m */ = {isa = PBXFileReference; fileEncoding = 4; lastKnownFileType = sourcecode.c.objc; path = RootViewController.m; sourceTree = "<group>"; };
		9354FB731AEBDE8C00BC8E03 /* DrawView.h */ = {isa = PBXFileReference; fileEncoding = 4; lastKnownFileType = sourcecode.c.h; path = DrawView.h; sourceTree = "<group>"; };
		9354FB741AEBDE8C00BC8E03 /* DrawView.m */ = {isa = PBXFileReference; fileEncoding = 4; lastKnownFileType = sourcecode.c.objc; path = DrawView.m; sourceTree = "<group>"; };
/* End PBXFileReference section */

/* Begin PBXFrameworksBuildPhase section */
		9354FB4A1AEBDE4000BC8E03 /* Frameworks */ = {
			isa = PBXFrameworksBuildPhase;
			buildActionMask = 2147483647;
			files = (
			);
			runOnlyForDeploymentPostprocessing = 0;
		};
		9354FB5D1AEBDE4100BC8E03 /* Frameworks */ = {
			isa = PBXFrameworksBuildPhase;
			buildActionMask = 2147483647;
			files = (
			);
			runOnlyForDeploymentPostprocessing = 0;
		};
/* End PBXFrameworksBuildPhase section */

/* Begin PBXGroup section */
		9354FB441AEBDE4000BC8E03 = {
			isa = PBXGroup;
			children = (
				9354FB4F1AEBDE4000BC8E03 /* TestOne */,
				9354FB631AEBDE4100BC8E03 /* TestOneTests */,
				9354FB4E1AEBDE4000BC8E03 /* Products */,
			);
			sourceTree = "<group>";
		};
		9354FB4E1AEBDE4000BC8E03 /* Products */ = {
			isa = PBXGroup;
			children = (
				9354FB4D1AEBDE4000BC8E03 /* TestOne.app */,
				9354FB601AEBDE4100BC8E03 /* TestOneTests.xctest */,
			);
			name = Products;
			sourceTree = "<group>";
		};
		9354FB4F1AEBDE4000BC8E03 /* TestOne */ = {
			isa = PBXGroup;
			children = (
				9354FB541AEBDE4000BC8E03 /* AppDelegate.h */,
				9354FB551AEBDE4000BC8E03 /* AppDelegate.m */,
				9354FB701AEBDE6300BC8E03 /* RootViewController.h */,
				9354FB711AEBDE6300BC8E03 /* RootViewController.m */,
				9354FB731AEBDE8C00BC8E03 /* DrawView.h */,
				9354FB741AEBDE8C00BC8E03 /* DrawView.m */,
				9354FB571AEBDE4100BC8E03 /* Images.xcassets */,
				9354FB591AEBDE4100BC8E03 /* LaunchScreen.xib */,
				9354FB501AEBDE4000BC8E03 /* Supporting Files */,
			);
			path = TestOne;
			sourceTree = "<group>";
		};
		9354FB501AEBDE4000BC8E03 /* Supporting Files */ = {
			isa = PBXGroup;
			children = (
				9354FB511AEBDE4000BC8E03 /* Info.plist */,
				9354FB521AEBDE4000BC8E03 /* main.m */,
			);
			name = "Supporting Files";
			sourceTree = "<group>";
		};
		9354FB631AEBDE4100BC8E03 /* TestOneTests */ = {
			isa = PBXGroup;
			children = (
				9354FB661AEBDE4100BC8E03 /* TestOneTests.m */,
				9354FB641AEBDE4100BC8E03 /* Supporting Files */,
			);
			path = TestOneTests;
			sourceTree = "<group>";
		};
		9354FB641AEBDE4100BC8E03 /* Supporting Files */ = {
			isa = PBXGroup;
			children = (
				9354FB651AEBDE4100BC8E03 /* Info.plist */,
			);
			name = "Supporting Files";
			sourceTree = "<group>";
		};
/* End PBXGroup section */

/* Begin PBXNativeTarget section */
		9354FB4C1AEBDE4000BC8E03 /* TestOne */ = {
			isa = PBXNativeTarget;
			buildConfigurationList = 9354FB6A1AEBDE4100BC8E03 /* Build configuration list for PBXNativeTarget "TestOne" */;
			buildPhases = (
				9354FB491AEBDE4000BC8E03 /* Sources */,
				9354FB4A1AEBDE4000BC8E03 /* Frameworks */,
				9354FB4B1AEBDE4000BC8E03 /* Resources */,
			);
			buildRules = (
			);
			dependencies = (
			);
			name = TestOne;
			productName = TestOne;
			productReference = 9354FB4D1AEBDE4000BC8E03 /* TestOne.app */;
			productType = "com.apple.product-type.application";
		};
		9354FB5F1AEBDE4100BC8E03 /* TestOneTests */ = {
			isa = PBXNativeTarget;
			buildConfigurationList = 9354FB6D1AEBDE4100BC8E03 /* Build configuration list for PBXNativeTarget "TestOneTests" */;
			buildPhases = (
				9354FB5C1AEBDE4100BC8E03 /* Sources */,
				9354FB5D1AEBDE4100BC8E03 /* Frameworks */,
				9354FB5E1AEBDE4100BC8E03 /* Resources */,
			);
			buildRules = (
			);
			dependencies = (
				9354FB621AEBDE4100BC8E03 /* PBXTargetDependency */,
			);
			name = TestOneTests;
			productName = TestOneTests;
			productReference = 9354FB601AEBDE4100BC8E03 /* TestOneTests.xctest */;
			productType = "com.apple.product-type.bundle.unit-test";
		};
/* End PBXNativeTarget section */

/* Begin PBXProject section */
		9354FB451AEBDE4000BC8E03 /* Project object */ = {
			isa = PBXProject;
			attributes = {
				LastUpgradeCheck = 0620;
				ORGANIZATIONNAME = "JiangXi University";
				TargetAttributes = {
					9354FB4C1AEBDE4000BC8E03 = {
						CreatedOnToolsVersion = 6.2;
					};
					9354FB5F1AEBDE4100BC8E03 = {
						CreatedOnToolsVersion = 6.2;
						TestTargetID = 9354FB4C1AEBDE4000BC8E03;
					};
				};
			};
			buildConfigurationList = 9354FB481AEBDE4000BC8E03 /* Build configuration list for PBXProject "TestOne" */;
			compatibilityVersion = "Xcode 3.2";
			developmentRegion = English;
			hasScannedForEncodings = 0;
			knownRegions = (
				en,
				Base,
			);
			mainGroup = 9354FB441AEBDE4000BC8E03;
			productRefGroup = 9354FB4E1AEBDE4000BC8E03 /* Products */;
			projectDirPath = "";
			projectRoot = "";
			targets = (
				9354FB4C1AEBDE4000BC8E03 /* TestOne */,
				9354FB5F1AEBDE4100BC8E03 /* TestOneTests */,
			);
		};
/* End PBXProject section */

/* Begin PBXResourcesBuildPhase section */
		9354FB4B1AEBDE4000BC8E03 /* Resources */ = {
			isa = PBXResourcesBuildPhase;
			buildActionMask = 2147483647;
			files = (
				9354FB5B1AEBDE4100BC8E03 /* LaunchScreen.xib in Resources */,
				9354FB581AEBDE4100BC8E03 /* Images.xcassets in Resources */,
			);
			runOnlyForDeploymentPostprocessing = 0;
		};
		9354FB5E1AEBDE4100BC8E03 /* Resources */ = {
			isa = PBXResourcesBuildPhase;
			buildActionMask = 2147483647;
			files = (
			);
			runOnlyForDeploymentPostprocessing = 0;
		};
/* End PBXResourcesBuildPhase section */

/* Begin PBXSourcesBuildPhase section */
		9354FB491AEBDE4000BC8E03 /* Sources */ = {
			isa = PBXSourcesBuildPhase;
			buildActionMask = 2147483647;
			files = (
				9354FB561AEBDE4000BC8E03 /* AppDelegate.m in Sources */,
				9354FB531AEBDE4000BC8E03 /* main.m in Sources */,
				9354FB751AEBDE8C00BC8E03 /* DrawView.m in Sources */,
				9354FB721AEBDE6300BC8E03 /* RootViewController.m in Sources */,
			);
			runOnlyForDeploymentPostprocessing = 0;
		};
		9354FB5C1AEBDE4100BC8E03 /* Sources */ = {
			isa = PBXSourcesBuildPhase;
			buildActionMask = 2147483647;
			files = (
				9354FB671AEBDE4100BC8E03 /* TestOneTests.m in Sources */,
			);
			runOnlyForDeploymentPostprocessing = 0;
		};
/* End PBXSourcesBuildPhase section */

/* Begin PBXTargetDependency section */
		9354FB621AEBDE4100BC8E03 /* PBXTargetDependency */ = {
			isa = PBXTargetDependency;
			target = 9354FB4C1AEBDE4000BC8E03 /* TestOne */;
			targetProxy = 9354FB611AEBDE4100BC8E03 /* PBXContainerItemProxy */;
		};
/* End PBXTargetDependency section */

/* Begin PBXVariantGroup section */
		9354FB591AEBDE4100BC8E03 /* LaunchScreen.xib */ = {
			isa = PBXVariantGroup;
			children = (
				9354FB5A1AEBDE4100BC8E03 /* Base */,
			);
			name = LaunchScreen.xib;
			sourceTree = "<group>";
		};
/* End PBXVariantGroup section */

/* Begin XCBuildConfiguration section */
		9354FB681AEBDE4100BC8E03 /* Debug */ = {
			isa = XCBuildConfiguration;
			buildSettings = {
				ALWAYS_SEARCH_USER_PATHS = NO;
				CLANG_CXX_LANGUAGE_STANDARD = "gnu++0x";
				CLANG_CXX_LIBRARY = "libc++";
				CLANG_ENABLE_MODULES = YES;
				CLANG_ENABLE_OBJC_ARC = YES;
				CLANG_WARN_BOOL_CONVERSION = YES;
				CLANG_WARN_CONSTANT_CONVERSION = YES;
				CLANG_WARN_DIRECT_OBJC_ISA_USAGE = YES_ERROR;
				CLANG_WARN_EMPTY_BODY = YES;
				CLANG_WARN_ENUM_CONVERSION = YES;
				CLANG_WARN_INT_CONVERSION = YES;
				CLANG_WARN_OBJC_ROOT_CLASS = YES_ERROR;
				CLANG_WARN_UNREACHABLE_CODE = YES;
				CLANG_WARN__DUPLICATE_METHOD_MATCH = YES;
				"CODE_SIGN_IDENTITY[sdk=iphoneos*]" = "iPhone Developer";
				COPY_PHASE_STRIP = NO;
				ENABLE_STRICT_OBJC_MSGSEND = YES;
				GCC_C_LANGUAGE_STANDARD = gnu99;
				GCC_DYNAMIC_NO_PIC = NO;
				GCC_OPTIMIZATION_LEVEL = 0;
				GCC_PREPROCESSOR_DEFINITIONS = (
					"DEBUG=1",
					"$(inherited)",
				);
				GCC_SYMBOLS_PRIVATE_EXTERN = NO;
				GCC_WARN_64_TO_32_BIT_CONVERSION = YES;
				GCC_WARN_ABOUT_RETURN_TYPE = YES_ERROR;
				GCC_WARN_UNDECLARED_SELECTOR = YES;
				GCC_WARN_UNINITIALIZED_AUTOS = YES_AGGRESSIVE;
				GCC_WARN_UNUSED_FUNCTION = YES;
				GCC_WARN_UNUSED_VARIABLE = YES;
				IPHONEOS_DEPLOYMENT_TARGET = 8.2;
				MTL_ENABLE_DEBUG_INFO = YES;
				ONLY_ACTIVE_ARCH = YES;
				SDKROOT = iphoneos;
			};
			name = Debug;
		};
		9354FB691AEBDE4100BC8E03 /* Release */ = {
			isa = XCBuildConfiguration;
			buildSettings = {
				ALWAYS_SEARCH_USER_PATHS = NO;
				CLANG_CXX_LANGUAGE_STANDARD = "gnu++0x";
				CLANG_CXX_LIBRARY = "libc++";
				CLANG_ENABLE_MODULES = YES;
				CLANG_ENABLE_OBJC_ARC = YES;
				CLANG_WARN_BOOL_CONVERSION = YES;
				CLANG_WARN_CONSTANT_CONVERSION = YES;
				CLANG_WARN_DIRECT_OBJC_ISA_USAGE = YES_ERROR;
				CLANG_WARN_EMPTY_BODY = YES;
				CLANG_WARN_ENUM_CONVERSION = YES;
				CLANG_WARN_INT_CONVERSION = YES;
				CLANG_WARN_OBJC_ROOT_CLASS = YES_ERROR;
				CLANG_WARN_UNREACHABLE_CODE = YES;
				CLANG_WARN__DUPLICATE_METHOD_MATCH = YES;
				"CODE_SIGN_IDENTITY[sdk=iphoneos*]" = "iPhone Developer";
				COPY_PHASE_STRIP = NO;
				ENABLE_NS_ASSERTIONS = NO;
				ENABLE_STRICT_OBJC_MSGSEND = YES;
				GCC_C_LANGUAGE_STANDARD = gnu99;
				GCC_WARN_64_TO_32_BIT_CONVERSION = YES;
				GCC_WARN_ABOUT_RETURN_TYPE = YES_ERROR;
				GCC_WARN_UNDECLARED_SELECTOR = YES;
				GCC_WARN_UNINITIALIZED_AUTOS = YES_AGGRESSIVE;
				GCC_WARN_UNUSED_FUNCTION = YES;
				GCC_WARN_UNUSED_VARIABLE = YES;
				IPHONEOS_DEPLOYMENT_TARGET = 8.2;
				MTL_ENABLE_DEBUG_INFO = NO;
				SDKROOT = iphoneos;
				VALIDATE_PRODUCT = YES;
			};
			name = Release;
		};
		9354FB6B1AEBDE4100BC8E03 /* Debug */ = {
			isa = XCBuildConfiguration;
			buildSettings = {
				ASSETCATALOG_COMPILER_APPICON_NAME = AppIcon;
				INFOPLIST_FILE = TestOne/Info.plist;
				LD_RUNPATH_SEARCH_PATHS = "$(inherited) @executable_path/Frameworks";
				PRODUCT_NAME = "$(TARGET_NAME)";
			};
			name = Debug;
		};
		9354FB6C1AEBDE4100BC8E03 /* Release */ = {
			isa = XCBuildConfiguration;
			buildSettings = {
				ASSETCATALOG_COMPILER_APPICON_NAME = AppIcon;
				INFOPLIST_FILE = TestOne/Info.plist;
				LD_RUNPATH_SEARCH_PATHS = "$(inherited) @executable_path/Frameworks";
				PRODUCT_NAME = "$(TARGET_NAME)";
			};
			name = Release;
		};
		9354FB6E1AEBDE4100BC8E03 /* Debug */ = {
			isa = XCBuildConfiguration;
			buildSettings = {
				BUNDLE_LOADER = "$(TEST_HOST)";
				FRAMEWORK_SEARCH_PATHS = (
					"$(SDKROOT)/Developer/Library/Frameworks",
					"$(inherited)",
				);
				GCC_PREPROCESSOR_DEFINITIONS = (
					"DEBUG=1",
					"$(inherited)",
				);
				INFOPLIST_FILE = TestOneTests/Info.plist;
				LD_RUNPATH_SEARCH_PATHS = "$(inherited) @executable_path/Frameworks @loader_path/Frameworks";
				PRODUCT_NAME = "$(TARGET_NAME)";
				TEST_HOST = "$(BUILT_PRODUCTS_DIR)/TestOne.app/TestOne";
			};
			name = Debug;
		};
		9354FB6F1AEBDE4100BC8E03 /* Release */ = {
			isa = XCBuildConfiguration;
			buildSettings = {
				BUNDLE_LOADER = "$(TEST_HOST)";
				FRAMEWORK_SEARCH_PATHS = (
					"$(SDKROOT)/Developer/Library/Frameworks",
					"$(inherited)",
				);
				INFOPLIST_FILE = TestOneTests/Info.plist;
				LD_RUNPATH_SEARCH_PATHS = "$(inherited) @executable_path/Frameworks @loader_path/Frameworks";
				PRODUCT_NAME = "$(TARGET_NAME)";
				TEST_HOST = "$(BUILT_PRODUCTS_DIR)/TestOne.app/TestOne";
			};
			name = Release;
		};
/* End XCBuildConfiguration section */

/* Begin XCConfigurationList section */
		9354FB481AEBDE4000BC8E03 /* Build configuration list for PBXProject "TestOne" */ = {
			isa = XCConfigurationList;
			buildConfigurations = (
				9354FB681AEBDE4100BC8E03 /* Debug */,
				9354FB691AEBDE4100BC8E03 /* Release */,
			);
			defaultConfigurationIsVisible = 0;
			defaultConfigurationName = Release;
		};
		9354FB6A1AEBDE4100BC8E03 /* Build configuration list for PBXNativeTarget "TestOne" */ = {
			isa = XCConfigurationList;
			buildConfigurations = (
				9354FB6B1AEBDE4100BC8E03 /* Debug */,
				9354FB6C1AEBDE4100BC8E03 /* Release */,
			);
			defaultConfigurationIsVisible = 0;
		};
		9354FB6D1AEBDE4100BC8E03 /* Build configuration list for PBXNativeTarget "TestOneTests" */ = {
			isa = XCConfigurationList;
			buildConfigurations = (
				9354FB6E1AEBDE4100BC8E03 /* Debug */,
				9354FB6F1AEBDE4100BC8E03 /* Release */,
			);
			defaultConfigurationIsVisible = 0;
		};
/* End XCConfigurationList section */
	};
	rootObject = 9354FB451AEBDE4000BC8E03 /* Project object */;
}
